
Microsoft Visual Studio Solution File, Format Version 12.00
# Visual Studio Version 17
VisualStudioVersion = 17.5.33627.172
MinimumVisualStudioVersion = 10.0.40219.1
Project("{FAE04EC0-301F-11D3-BF4B-00C04F79EFBC}") = "ExceptionHandlingDemo", "ExceptionHandlingDemo\ExceptionHandlingDemo.csproj", "{77AEEF25-C380-4965-A949-D7E373683813}"
	ProjectSection(ProjectDependencies) = postProject
		{F66C3236-69EF-488B-8F7D-803BD32EE413} = {F66C3236-69EF-488B-8F7D-803BD32EE413}
	EndProjectSection
EndProject
Project("{FAE04EC0-301F-11D3-BF4B-00C04F79EFBC}") = "ExceptionDemo", "ExceptionDemo\ExceptionDemo.csproj", "{F66C3236-69EF-488B-8F7D-803BD32EE413}"
EndProject
Global
	GlobalSection(SolutionConfigurationPlatforms) = preSolution
		Debug|Any CPU = Debug|Any CPU
		Release|Any CPU = Release|Any CPU
	EndGlobalSection
	GlobalSection(ProjectConfigurationPlatforms) = postSolution
		{77AEEF25-C380-4965-A949-D7E373683813}.Debug|Any CPU.ActiveCfg = Debug|Any CPU
		{77AEEF25-C380-4965-A949-D7E373683813}.Debug|Any CPU.Build.0 = Debug|Any CPU
		{77AEEF25-C380-4965-A949-D7E373683813}.Release|Any CPU.ActiveCfg = Release|Any CPU
		{77AEEF25-C380-4965-A949-D7E373683813}.Release|Any CPU.Build.0 = Release|Any CPU
		{F66C3236-69EF-488B-8F7D-803BD32EE413}.Debug|Any CPU.ActiveCfg = Debug|Any CPU
		{F66C3236-69EF-488B-8F7D-803BD32EE413}.Debug|Any CPU.Build.0 = Debug|Any CPU
		{F66C3236-69EF-488B-8F7D-803BD32EE413}.Release|Any CPU.ActiveCfg = Release|Any CPU
		{F66C3236-69EF-488B-8F7D-803BD32EE413}.Release|Any CPU.Build.0 = Release|Any CPU
	EndGlobalSection
	GlobalSection(SolutionProperties) = preSolution
		HideSolutionNode = FALSE
	EndGlobalSection
	GlobalSection(ExtensibilityGlobals) = postSolution
		SolutionGuid = {AB936703-4ADE-468C-89F8-DE788D373F3A}
	EndGlobalSection
EndGlobal
